{
  "requires": true,
  "lockfileVersion": 1,
  "dependencies": {
    "abs": {
      "version": "1.3.14",
      "resolved": "https://registry.npmjs.org/abs/-/abs-1.3.14.tgz",
      "integrity": "sha512-PrS26IzwKLWwuURpiKl8wRmJ2KdR/azaVrLEBWG/TALwT20Y7qjtYp1qcMLHA4206hBHY5phv3w4pjf9NPv4Vw==",
      "requires": {
        "ul": "^5.0.0"
      }
    },
    "add-subtract-date": {
      "version": "1.0.15",
      "resolved": "https://registry.npmjs.org/add-subtract-date/-/add-subtract-date-1.0.15.tgz",
      "integrity": "sha512-MiL4wnMyM999meyCrSA3LME9uZ/b5ptSd0ACDVUoTfutFwvkMyIN7nG7gjrU56WEk5RlFLBghabcgdYwY8s+nQ=="
    },
    "ansi-parser": {
      "version": "3.2.10",
      "resolved": "https://registry.npmjs.org/ansi-parser/-/ansi-parser-3.2.10.tgz",
      "integrity": "sha512-CGKGIbd678lm15IXJXI1cTyOVAnMQw0jES+klW/yIc+GzYccsYanLMhczPIIj2hE64B79g75QfiuWrEWd6nJdg=="
    },
    "ansi-regex": {
      "version": "2.1.1",
      "resolved": "https://registry.npmjs.org/ansi-regex/-/ansi-regex-2.1.1.tgz",
      "integrity": "sha512-TIGnTpdo+E3+pCyAluZvtED5p5wCqLdezCyhPZzKPcxvFplEt4i+W7OONCKgeZFT3+y5NZZfOOS/Bdcanm1MYA=="
    },
    "ansi-styles": {
      "version": "3.2.1",
      "resolved": "https://registry.npmjs.org/ansi-styles/-/ansi-styles-3.2.1.tgz",
      "integrity": "sha512-VT0ZI6kZRdTh8YyJw3SMbYm/u+NqfsAxEpWO0Pf9sq8/e94WxxOpPKx9FR1FlyCtOVDNOQ+8ntlqFxiRc+r5qA==",
      "requires": {
        "color-convert": "^1.9.0"
      }
    },
    "ansy": {
      "version": "1.0.15",
      "resolved": "https://registry.npmjs.org/ansy/-/ansy-1.0.15.tgz",
      "integrity": "sha512-mQyNSn58HN7aEthofkap0hn8jg7/5SJWrB0ypExgcECOwLppc0njH+QBA9X5VMiEN9SM0JlFZWJQGycxxInAqg==",
      "requires": {
        "ansi-styles": "^3.0.0",
        "custom-return": "^1.0.0",
        "supports-color": "^3.1.2",
        "ul": "^5.2.1"
      }
    },
    "bible": {
      "version": "2.1.0",
      "resolved": "https://registry.npmjs.org/bible/-/bible-2.1.0.tgz",
      "integrity": "sha512-utnWQ4paR/J6CCXYXVj3i0naaB4wh/zVzCAdmcIMjtN56GHgpyGEUMzKtRRQLrP2l4Bbc9h24CklO0tbudVnwg==",
      "requires": {
        "abs": "^1.0.0",
        "bible.js": "^3.0.0",
        "bug-killer": "^4.0.0",
        "couleurs": "^5.0.0",
        "is-there": "^4.0.0",
        "le-table": "^4.0.0",
        "r-json": "^1.0.0",
        "regex-parser": "^2.0.0",
        "ul": "^5.0.0",
        "w-json": "^1.0.0",
        "yargs": "^3.15.0"
      }
    },
    "bible-passage-reference-parser": {
      "version": "2.0.1",
      "resolved": "https://registry.npmjs.org/bible-passage-reference-parser/-/bible-passage-reference-parser-2.0.1.tgz",
      "integrity": "sha512-A/W1ElN+BQP4Xww/2tpuFx3lGGz6nPQz/rdqNL9pbN2Pk0f5rqOj2/VKRO8DgPcH7NrnawZeajJBCakPL/QXWQ=="
    },
    "bible-reference-parser": {
      "version": "2.0.0",
      "resolved": "https://registry.npmjs.org/bible-reference-parser/-/bible-reference-parser-2.0.0.tgz",
      "integrity": "sha512-m6JdBpFVfSSal5t3mA5mZn7puR7rnPOkVR1G6OesOKnTdV+q2+4rqwCb3DPJmpcK7d07WbmoSWtdMniz1XZq6A=="
    },
    "bible.js": {
      "version": "3.0.0",
      "resolved": "https://registry.npmjs.org/bible.js/-/bible.js-3.0.0.tgz",
      "integrity": "sha512-HWczyV6ng9IAXof9eQoECDTUEbRm8x0ZcwgChCyMKYC0w0q/jNcwy6zs5cGPmszvOBy3bdNncr1zmNSceiTK/g==",
      "requires": {
        "bible-reference-parser": "^2.0.0",
        "cb-buffer": "1.0.2",
        "git-tools": "^0.1.4",
        "levenshtein-array": "^2.0.0",
        "regex-parser": "^2.0.0",
        "ul": "^5.0.0"
      }
    },
    "bug-killer": {
      "version": "4.4.4",
      "resolved": "https://registry.npmjs.org/bug-killer/-/bug-killer-4.4.4.tgz",
      "integrity": "sha512-O/iJPwIf0Igra3q91s+jGeYhUSdtFUtBMb1JMwvAZLS0We1mIdEuDM4FCjbxFQAF+R6GqpRVgHVQa0utQQxSEA==",
      "requires": {
        "ansi-parser": "^3.2.5",
        "couleurs": "^6.0.6",
        "daty": "^1.0.7",
        "deffy": "^2.2.2",
        "typpy": "^2.3.6"
      },
      "dependencies": {
        "couleurs": {
          "version": "6.0.11",
          "resolved": "https://registry.npmjs.org/couleurs/-/couleurs-6.0.11.tgz",
          "integrity": "sha512-y5WUDtgQKw/tVViZCj3ACX8VseU0ONxiet8SRsE89uH4s/otRLXGOMymfVbKMFzedKOdxQpTcYWukRwkvgRYdw==",
          "requires": {
            "ansy": "^1.0.0",
            "color-convert": "^1.0.0",
            "iterate-object": "^1.3.1",
            "typpy": "^2.3.1"
          }
        }
      }
    },
    "camelcase": {
      "version": "2.1.1",
      "resolved": "https://registry.npmjs.org/camelcase/-/camelcase-2.1.1.tgz",
      "integrity": "sha512-DLIsRzJVBQu72meAKPkWQOLcujdXT32hwdfnkI1frSiSRMK1MofjKHf+MEx0SB6fjEFXL8fBDv1dKymBlOp4Qw=="
    },
    "cb-buffer": {
      "version": "1.0.2",
      "resolved": "https://registry.npmjs.org/cb-buffer/-/cb-buffer-1.0.2.tgz",
      "integrity": "sha512-dOVOKuHX+fX9In1JJDnJonvdmbYvDW1QevOJwLzshCy3RQfJ9lsvaSoGO9GgmT9dHnCxw+PI/TlX0Gsfgvko7w=="
    },
    "class-methods": {
      "version": "1.0.12",
      "resolved": "https://registry.npmjs.org/class-methods/-/class-methods-1.0.12.tgz",
      "integrity": "sha512-14T82nNlU+OAhPNm4Fw4kJUS8klgt9n1+CdtB6LHvmWC5Wb89TZQ6CuCwEK2YR03O/hT0eHGIpQxtovAnN9CtA==",
      "requires": {
        "exclude-arr": "^1.0.0",
        "static-methods": "^1.0.0",
        "ul": "^5.2.1"
      }
    },
    "cli-box": {
      "version": "5.0.0",
      "resolved": "https://registry.npmjs.org/cli-box/-/cli-box-5.0.0.tgz",
      "integrity": "sha512-1ukDhxQ1nSgfupVOH2v6+meRlKLHjTaSdCPTFjUOtAjQvFsDEWeW08gySk8o5dr+biPosooNmfle28ighmTEPA==",
      "requires": {
        "ansi-parser": "3.0.0",
        "ul": "5.0.0"
      },
      "dependencies": {
        "ansi-parser": {
          "version": "3.0.0",
          "resolved": "https://registry.npmjs.org/ansi-parser/-/ansi-parser-3.0.0.tgz",
          "integrity": "sha512-edNYJqqmeQJ+N7YV6gWQ4xAumqctsOchnNVDZEHsMSVZcytGLwq9SbGDwm9Jg+XpPNdl6zSGgujFRqiu1PmFYg=="
        },
        "deffy": {
          "version": "2.0.0",
          "resolved": "https://registry.npmjs.org/deffy/-/deffy-2.0.0.tgz",
          "integrity": "sha512-Gcn10MX982lqx8XmJES2JvN8Im7h0lFwRanyQfkQG2wXko4SouD0pSGUlK6Do165Itfidhpssn6NqlRkKp/4ig==",
          "requires": {
            "typpy": "^2.0.0"
          }
        },
        "typpy": {
          "version": "2.0.0",
          "resolved": "https://registry.npmjs.org/typpy/-/typpy-2.0.0.tgz",
          "integrity": "sha512-IucehPujjCCGqmRNLfJwwDXRDleVfnt/dKMQhQWJv8q62dXb6TuJs3zscdtq1agk+po5E+WweZ9RS0VMuaXXfg=="
        },
        "ul": {
          "version": "5.0.0",
          "resolved": "https://registry.npmjs.org/ul/-/ul-5.0.0.tgz",
          "integrity": "sha512-/wMRf3ZchW/MHV8M0fWhxhUTeJAOgrxt6u/9snab4xuMTkCuHo7TH7nyMZxrsjNobAFC8UhCNwlwVVQdVbcf1w==",
          "requires": {
            "deffy": "2.0.0",
            "typpy": "2.0.0"
          }
        }
      }
    },
    "cliui": {
      "version": "3.2.0",
      "resolved": "https://registry.npmjs.org/cliui/-/cliui-3.2.0.tgz",
      "integrity": "sha512-0yayqDxWQbqk3ojkYqUKqaAQ6AfNKeKWRNA8kR0WXzAsdHpP4BIaOmMAG87JGuO6qcobyW4GjxHd9PmhEd+T9w==",
      "requires": {
        "string-width": "^1.0.1",
        "strip-ansi": "^3.0.1",
        "wrap-ansi": "^2.0.0"
      }
    },
    "code-point-at": {
      "version": "1.1.0",
      "resolved": "https://registry.npmjs.org/code-point-at/-/code-point-at-1.1.0.tgz",
      "integrity": "sha512-RpAVKQA5T63xEj6/giIbUEtZwJ4UFIc3ZtvEkiaUERylqe8xb5IvqcgOurZLahv93CLKfxcw5YI+DZcUBRyLXA=="
    },
    "color-convert": {
      "version": "1.9.3",
      "resolved": "https://registry.npmjs.org/color-convert/-/color-convert-1.9.3.tgz",
      "integrity": "sha512-QfAUtd+vFdAtFQcC8CCyYt1fYWxSqAiK2cSD6zDB8N3cpsEBAvRxp9zOGg6G/SHHJYAT88/az/IuDGALsNVbGg==",
      "requires": {
        "color-name": "1.1.3"
      }
    },
    "color-name": {
      "version": "1.1.3",
      "resolved": "https://registry.npmjs.org/color-name/-/color-name-1.1.3.tgz",
      "integrity": "sha512-72fSenhMw2HZMTVHeCA9KCmpEIbzWiQsjN+BHcBbS9vr1mtt+vJjPdksIBNUmKAW8TFUDPJK5SUU3QhE9NEXDw=="
    },
    "couleurs": {
      "version": "5.2.1",
      "resolved": "https://registry.npmjs.org/couleurs/-/couleurs-5.2.1.tgz",
      "integrity": "sha512-P1SOxvmtZ//1WAyLKyOZdvCjBvylbUMKZbIwUY+dZvOkqdILBSGHUzcQzQRIgikY4kMGgcbxg8bbKc0rOhGUQQ==",
      "requires": {
        "flat-colors": "3.0.0",
        "typpy": "2.0.0",
        "x256": "0.0.2"
      },
      "dependencies": {
        "typpy": {
          "version": "2.0.0",
          "resolved": "https://registry.npmjs.org/typpy/-/typpy-2.0.0.tgz",
          "integrity": "sha512-IucehPujjCCGqmRNLfJwwDXRDleVfnt/dKMQhQWJv8q62dXb6TuJs3zscdtq1agk+po5E+WweZ9RS0VMuaXXfg=="
        }
      }
    },
    "custom-return": {
      "version": "1.0.12",
      "resolved": "https://registry.npmjs.org/custom-return/-/custom-return-1.0.12.tgz",
      "integrity": "sha512-Xy6IlEV6gW5Iu4YRoQe0A5RG1mzezawcTXzAk7u28oB2UilRfbbOc1C7RmWE6AJ1inSm8gghCkIpo0LUQfLbvw==",
      "requires": {
        "noop6": "^1.0.0"
      }
    },
    "date-unit-ms": {
      "version": "1.1.14",
      "resolved": "https://registry.npmjs.org/date-unit-ms/-/date-unit-ms-1.1.14.tgz",
      "integrity": "sha512-6vUHdMQkblV8lKYQqnTM2kUmWlFVG6F/0mzUbcnNygcR2vuUPeHAIE7BO7mj/brmgV1INSAG9D2GpgTLOEOHvg=="
    },
    "daty": {
      "version": "1.2.1",
      "resolved": "https://registry.npmjs.org/daty/-/daty-1.2.1.tgz",
      "integrity": "sha512-0ScX8eww2sJ1fnJuuLhP6JXonVrIIJZiVlGL6ve+Dnv3vPVFf3ZMDlose5+h/SnR4gQ1nmG3acoBP3Slycr4ag==",
      "requires": {
        "add-subtract-date": "^1.0.0",
        "class-methods": "^1.0.4",
        "date-unit-ms": "^1.1.0",
        "diff-dates": "^1.0.0",
        "formatoid": "^1.0.0"
      }
    },
    "days": {
      "version": "1.1.1",
      "resolved": "https://registry.npmjs.org/days/-/days-1.1.1.tgz",
      "integrity": "sha512-vzeIwVsEIyA35GH4+mPd4hjVDNI87wYANyZFs0BHjBr5kIBH5zEl7LfD6Wr4SFZca4D3CU9IH1w4DuZLlXzKRw=="
    },
    "decamelize": {
      "version": "1.2.0",
      "resolved": "https://registry.npmjs.org/decamelize/-/decamelize-1.2.0.tgz",
      "integrity": "sha512-z2S+W9X73hAUUki+N+9Za2lBlun89zigOyGrsax+KUQ6wKW4ZoWpEYBkGhQjwAjjDCkWxhY0VKEhk8wzY7F5cA=="
    },
    "deffy": {
      "version": "2.2.4",
      "resolved": "https://registry.npmjs.org/deffy/-/deffy-2.2.4.tgz",
      "integrity": "sha512-pLc9lsbsWjr6RxmJ2OLyvm+9l4j1yK69h+TML/gUit/t3vTijpkNGh8LioaJYTGO7F25m6HZndADcUOo2PsiUg==",
      "requires": {
        "typpy": "^2.0.0"
      }
    },
    "diff-dates": {
      "version": "1.0.14",
      "resolved": "https://registry.npmjs.org/diff-dates/-/diff-dates-1.0.14.tgz",
      "integrity": "sha512-JbWO1wl9jJZdLPLK/nENeUL68Mv7+SQQrXlEPSxuzZid89+FXpl7xSGxbPGd5z/2Xx3KJe4+fHPpaKnWnZ8V3w==",
      "requires": {
        "date-unit-ms": "^1.1.0"
      }
    },
    "exclude-arr": {
      "version": "1.0.11",
      "resolved": "https://registry.npmjs.org/exclude-arr/-/exclude-arr-1.0.11.tgz",
      "integrity": "sha512-yQVFDXkkpDOhSPGOu2yG4fKmDsBiufj2M5uJRS6ijcLW7/pUvCxAHJ2YQTJUkLJ4nWbl+XZn/qwMzrWYfWFgFg=="
    },
    "fillo": {
      "version": "1.0.13",
      "resolved": "https://registry.npmjs.org/fillo/-/fillo-1.0.13.tgz",
      "integrity": "sha512-9LYJ0ww96DUYETd2Bia5NS1b8rj42nEE5zsfcUwDErMopTs6BRBe4dRIVjrZGXSiK4vNSL/Q3u0dyqbmkA2Zdg=="
    },
    "flat-colors": {
      "version": "3.0.0",
      "resolved": "https://registry.npmjs.org/flat-colors/-/flat-colors-3.0.0.tgz",
      "integrity": "sha512-UDm0W6LZOdQL0kfbHW1/hohk4bws+ypeww4SyKv5Kn0CIzWWn2blNLLv4nWFuVt5NFv6PHWQYzuHf0uWqiX56g=="
    },
    "formatoid": {
      "version": "1.2.4",
      "resolved": "https://registry.npmjs.org/formatoid/-/formatoid-1.2.4.tgz",
      "integrity": "sha512-9wWHOPJvbIheSpiHGl0xaBwdszlzPaeh2KqHVexGQnKpO85xrMoKvuf6M3q0B4uC3I9lkXjH6+8ipQC8PQ/7Gw==",
      "requires": {
        "days": "^1.0.1",
        "fillo": "^1.0.0",
        "months": "^1.0.0",
        "parse-it": "^1.0.0"
      }
    },
    "function.name": {
      "version": "1.0.13",
      "resolved": "https://registry.npmjs.org/function.name/-/function.name-1.0.13.tgz",
      "integrity": "sha512-mVrqdoy5npWZyoXl4DxCeuVF6delDcQjVS9aPdvLYlBxtMTZDR2B5GVEQEoM1jJyspCqg3C0v4ABkLE7tp9xFA==",
      "requires": {
        "noop6": "^1.0.1"
      }
    },
    "git-tools": {
      "version": "0.1.4",
      "resolved": "https://registry.npmjs.org/git-tools/-/git-tools-0.1.4.tgz",
      "integrity": "sha512-Fx8ewWo0LNNbDAfRUuXulkHPQZoOp3cEvvMOdEzFBnMmBZ0K5qFr/ceLukz+WVognnIZOm2QjyITecINoI+G2A==",
      "requires": {
        "spawnback": "~1.0.0"
      }
    },
    "has-flag": {
      "version": "1.0.0",
      "resolved": "https://registry.npmjs.org/has-flag/-/has-flag-1.0.0.tgz",
      "integrity": "sha512-DyYHfIYwAJmjAjSSPKANxI8bFY9YtFrgkAfinBojQ8YJTOuOuav64tMUJv584SES4xl74PmuaevIyaLESHdTAA=="
    },
    "invert-kv": {
      "version": "1.0.0",
      "resolved": "https://registry.npmjs.org/invert-kv/-/invert-kv-1.0.0.tgz",
      "integrity": "sha512-xgs2NH9AE66ucSq4cNG1nhSFghr5l6tdL15Pk+jl46bmmBapgoaY/AacXyaDznAqmGL99TiLSQgO/XazFSKYeQ=="
    },
    "is-fullwidth-code-point": {
      "version": "1.0.0",
      "resolved": "https://registry.npmjs.org/is-fullwidth-code-point/-/is-fullwidth-code-point-1.0.0.tgz",
      "integrity": "sha512-1pqUqRjkhPJ9miNq9SwMfdvi6lBJcd6eFxvfaivQhaH3SgisfiuudvFntdKOmxuee/77l+FPjKrQjWvmPjWrRw==",
      "requires": {
        "number-is-nan": "^1.0.0"
      }
    },
    "is-there": {
      "version": "4.5.1",
      "resolved": "https://registry.npmjs.org/is-there/-/is-there-4.5.1.tgz",
      "integrity": "sha512-vIZ7HTXAoRoIwYSsTnxb0sg9L6rth+JOulNcavsbskQkCIWoSM2cjFOWZs4wGziGZER+Xgs/HXiCQZgiL8ppxQ=="
    },
    "iterate-object": {
      "version": "1.3.4",
      "resolved": "https://registry.npmjs.org/iterate-object/-/iterate-object-1.3.4.tgz",
      "integrity": "sha512-4dG1D1x/7g8PwHS9aK6QV5V94+ZvyP4+d19qDv43EzImmrndysIl4prmJ1hWWIGCqrZHyaHBm6BSEWHOLnpoNw=="
    },
    "lcid": {
      "version": "1.0.0",
      "resolved": "https://registry.npmjs.org/lcid/-/lcid-1.0.0.tgz",
      "integrity": "sha512-YiGkH6EnGrDGqLMITnGjXtGmNtjoXw9SVUzcaos8RBi7Ps0VBylkq+vOcY9QE5poLasPCR849ucFUkl0UzUyOw==",
      "requires": {
        "invert-kv": "^1.0.0"
      }
    },
    "le-table": {
      "version": "4.2.2",
      "resolved": "https://registry.npmjs.org/le-table/-/le-table-4.2.2.tgz",
      "integrity": "sha512-1PhE5bd0Rc6d8JAHJbDkxMq4S9qPdLwb+TRHtfgrN+V+1Rl4WSG8uY804q/kKjTuWy1BGcg/4ONX/N5fMQLXCQ==",
      "requires": {
        "cli-box": "5.0.0",
        "overlap": "2.0.0",
        "ul": "5.0.0"
      },
      "dependencies": {
        "deffy": {
          "version": "2.0.0",
          "resolved": "https://registry.npmjs.org/deffy/-/deffy-2.0.0.tgz",
          "integrity": "sha512-Gcn10MX982lqx8XmJES2JvN8Im7h0lFwRanyQfkQG2wXko4SouD0pSGUlK6Do165Itfidhpssn6NqlRkKp/4ig==",
          "requires": {
            "typpy": "^2.0.0"
          }
        },
        "typpy": {
          "version": "2.0.0",
          "resolved": "https://registry.npmjs.org/typpy/-/typpy-2.0.0.tgz",
          "integrity": "sha512-IucehPujjCCGqmRNLfJwwDXRDleVfnt/dKMQhQWJv8q62dXb6TuJs3zscdtq1agk+po5E+WweZ9RS0VMuaXXfg=="
        },
        "ul": {
          "version": "5.0.0",
          "resolved": "https://registry.npmjs.org/ul/-/ul-5.0.0.tgz",
          "integrity": "sha512-/wMRf3ZchW/MHV8M0fWhxhUTeJAOgrxt6u/9snab4xuMTkCuHo7TH7nyMZxrsjNobAFC8UhCNwlwVVQdVbcf1w==",
          "requires": {
            "deffy": "2.0.0",
            "typpy": "2.0.0"
          }
        }
      }
    },
    "levdist": {
      "version": "2.2.10",
      "resolved": "https://registry.npmjs.org/levdist/-/levdist-2.2.10.tgz",
      "integrity": "sha512-0E/OIb6Yx4rBP2neLQhNqAAM36B/fpGvUBYYHSKk2ogwjK+jjwBA40auNACxQyxpnKZks0VVPHX072bF1pwWvg=="
    },
    "levenshtein-array": {
      "version": "2.2.10",
      "resolved": "https://registry.npmjs.org/levenshtein-array/-/levenshtein-array-2.2.10.tgz",
      "integrity": "sha512-w7P2+HfJfDuhfMF7fVEt8qaCOSaWP8HSOgTj9+WEF3cSAIZrQ0OfsXXVfS0KcmUWM/DNntYSghjTRY4SJFrUHA==",
      "requires": {
        "levdist": "^2.0.0"
      }
    },
    "months": {
      "version": "1.2.0",
      "resolved": "https://registry.npmjs.org/months/-/months-1.2.0.tgz",
      "integrity": "sha512-zFM7hUpziSYGk2DNObYGWgHdRRxAOgjl8CC1Rbl50p/q0rGDsREfk0nbxxmSIquVi/lEAuUY8nwbwkZ8biNCOQ=="
    },
    "noop6": {
      "version": "1.0.9",
      "resolved": "https://registry.npmjs.org/noop6/-/noop6-1.0.9.tgz",
      "integrity": "sha512-DB3Hwyd89dPr5HqEPg3YHjzvwh/mCqizC1zZ8vyofqc+TQRyPDnT4wgXXbLGF4z9YAzwwTLi8pNLhGqcbSjgkA=="
    },
    "number-is-nan": {
      "version": "1.0.1",
      "resolved": "https://registry.npmjs.org/number-is-nan/-/number-is-nan-1.0.1.tgz",
      "integrity": "sha512-4jbtZXNAsfZbAHiiqjLPBiCl16dES1zI4Hpzzxw61Tk+loF+sBDBKx1ICKKKwIqQ7M0mFn1TmkN7euSncWgHiQ=="
    },
    "os-locale": {
      "version": "1.4.0",
      "resolved": "https://registry.npmjs.org/os-locale/-/os-locale-1.4.0.tgz",
      "integrity": "sha512-PRT7ZORmwu2MEFt4/fv3Q+mEfN4zetKxufQrkShY2oGvUms9r8otu5HfdyIFHkYXjO7laNsoVGmM2MANfuTA8g==",
      "requires": {
        "lcid": "^1.0.0"
      }
    },
    "overlap": {
      "version": "2.0.0",
      "resolved": "https://registry.npmjs.org/overlap/-/overlap-2.0.0.tgz",
      "integrity": "sha512-ws+kLVh3SdfWupIOWklnU91UHix2PU85bJf52/TPoo0EFgEYhKB6+2fCM/NuPreWMuM51cXN4xNbygNqkL8YrQ==",
      "requires": {
        "ansi-parser": "3.0.0",
        "cli-box": "5.0.0",
        "couleurs": "5.0.0"
      },
      "dependencies": {
        "ansi-parser": {
          "version": "3.0.0",
          "resolved": "https://registry.npmjs.org/ansi-parser/-/ansi-parser-3.0.0.tgz",
          "integrity": "sha512-edNYJqqmeQJ+N7YV6gWQ4xAumqctsOchnNVDZEHsMSVZcytGLwq9SbGDwm9Jg+XpPNdl6zSGgujFRqiu1PmFYg=="
        },
        "couleurs": {
          "version": "5.0.0",
          "resolved": "https://registry.npmjs.org/couleurs/-/couleurs-5.0.0.tgz",
          "integrity": "sha512-B+loDDlwPNwI27lC2WLJX9EqDhYV97nkUq4in2mJVco3P53hDztcIu3kUhrqS4+eb6w7dL9WcXADkn7V2DQFOw==",
          "requires": {
            "flat-colors": "3.0.0",
            "typpy": "2.0.0",
            "x256": "0.0.2"
          }
        },
        "typpy": {
          "version": "2.0.0",
          "resolved": "https://registry.npmjs.org/typpy/-/typpy-2.0.0.tgz",
          "integrity": "sha512-IucehPujjCCGqmRNLfJwwDXRDleVfnt/dKMQhQWJv8q62dXb6TuJs3zscdtq1agk+po5E+WweZ9RS0VMuaXXfg=="
        }
      }
    },
    "parse-it": {
      "version": "1.0.10",
      "resolved": "https://registry.npmjs.org/parse-it/-/parse-it-1.0.10.tgz",
      "integrity": "sha512-VAG4EuoNd2TT2wSRUuKyLEkZR3MhdWc+3UPp5CDQzqSt/FiniG+yJ5RXyJYiuzVAMEKL4d97gx6O3LR5jEB3uQ==",
      "requires": {
        "regex-escape": "^3.4.0"
      }
    },
    "r-json": {
      "version": "1.2.10",
      "resolved": "https://registry.npmjs.org/r-json/-/r-json-1.2.10.tgz",
      "integrity": "sha512-hu9vyLjSlHXT62NAS7DjI9WazDlvjN0lgp3n431dCVnirVcLkZIpzSwA3orhZEKzdDD2jqNYI+w0yG0aFf4kpA=="
    },
    "regex-escape": {
      "version": "3.4.10",
      "resolved": "https://registry.npmjs.org/regex-escape/-/regex-escape-3.4.10.tgz",
      "integrity": "sha512-qEqf7uzW+iYcKNLMDFnMkghhQBnGdivT6KqVQyKsyjSWnoFyooXVnxrw9dtv3AFLnD6VBGXxtZGAQNFGFTnCqA=="
    },
    "regex-parser": {
      "version": "2.2.11",
      "resolved": "https://registry.npmjs.org/regex-parser/-/regex-parser-2.2.11.tgz",
      "integrity": "sha512-jbD/FT0+9MBU2XAZluI7w2OBs1RBi6p9M83nkoZayQXXU9e8Robt69FcZc7wU4eJD/YFTjn1JdCk3rbMJajz8Q=="
    },
    "spawnback": {
      "version": "1.0.1",
      "resolved": "https://registry.npmjs.org/spawnback/-/spawnback-1.0.1.tgz",
      "integrity": "sha512-340ZqtqJzWAZtHwaCC2gx4mdQOnkUWAWNDp7y0bCEatdjmgQ4j7b0qQ7qO5WIJWx/luNrKcrYzpKbH3NTR030A=="
    },
    "static-methods": {
      "version": "1.0.12",
      "resolved": "https://registry.npmjs.org/static-methods/-/static-methods-1.0.12.tgz",
      "integrity": "sha512-QreySTr3LHtHk0OhrZ3RKvrV/4nBRyUPPCycmTUQTENIopEaDalZzI+q+KfmNmcxeHhA3WKe3h25lAxXZEDGVw=="
    },
    "string-width": {
      "version": "1.0.2",
      "resolved": "https://registry.npmjs.org/string-width/-/string-width-1.0.2.tgz",
      "integrity": "sha512-0XsVpQLnVCXHJfyEs8tC0zpTVIr5PKKsQtkT29IwupnPTjtPmQ3xT/4yCREF9hYkV/3M3kzcUTSAZT6a6h81tw==",
      "requires": {
        "code-point-at": "^1.0.0",
        "is-fullwidth-code-point": "^1.0.0",
        "strip-ansi": "^3.0.0"
      }
    },
    "strip-ansi": {
      "version": "3.0.1",
      "resolved": "https://registry.npmjs.org/strip-ansi/-/strip-ansi-3.0.1.tgz",
      "integrity": "sha512-VhumSSbBqDTP8p2ZLKj40UjBCV4+v8bUSEpUb4KjRgWk9pbqGF4REFj6KEagidb2f/M6AzC0EmFyDNGaw9OCzg==",
      "requires": {
        "ansi-regex": "^2.0.0"
      }
    },
    "supports-color": {
      "version": "3.2.3",
      "resolved": "https://registry.npmjs.org/supports-color/-/supports-color-3.2.3.tgz",
      "integrity": "sha512-Jds2VIYDrlp5ui7t8abHN2bjAu4LV/q4N2KivFPpGH0lrka0BMq/33AmECUXlKPcHigkNaqfXRENFju+rlcy+A==",
      "requires": {
        "has-flag": "^1.0.0"
      }
    },
    "typpy": {
      "version": "2.3.13",
      "resolved": "https://registry.npmjs.org/typpy/-/typpy-2.3.13.tgz",
      "integrity": "sha512-vOxIcQz9sxHi+rT09SJ5aDgVgrPppQjwnnayTrMye1ODaU8gIZTDM19t9TxmEElbMihx2Nq/0/b/MtyKfayRqA==",
      "requires": {
        "function.name": "^1.0.3"
      }
    },
    "ul": {
      "version": "5.2.15",
      "resolved": "https://registry.npmjs.org/ul/-/ul-5.2.15.tgz",
      "integrity": "sha512-svLEUy8xSCip5IWnsRa0UOg+2zP0Wsj4qlbjTmX6GJSmvKMHADBuHOm1dpNkWqWPIGuVSqzUkV3Cris5JrlTRQ==",
      "requires": {
        "deffy": "^2.2.2",
        "typpy": "^2.3.4"
      }
    },
    "w-json": {
      "version": "1.3.10",
      "resolved": "https://registry.npmjs.org/w-json/-/w-json-1.3.10.tgz",
      "integrity": "sha512-XadVyw0xE+oZ5FGApXsdswv96rOhStzKqL53uSe5UaTadABGkWIg1+DTx8kiZ/VqTZTBneoL0l65RcPe4W3ecw=="
    },
    "window-size": {
      "version": "0.1.4",
      "resolved": "https://registry.npmjs.org/window-size/-/window-size-0.1.4.tgz",
      "integrity": "sha512-2thx4pB0cV3h+Bw7QmMXcEbdmOzv9t0HFplJH/Lz6yu60hXYy5RT8rUu+wlIreVxWsGN20mo+MHeCSfUpQBwPw=="
    },
    "wrap-ansi": {
      "version": "2.1.0",
      "resolved": "https://registry.npmjs.org/wrap-ansi/-/wrap-ansi-2.1.0.tgz",
      "integrity": "sha512-vAaEaDM946gbNpH5pLVNR+vX2ht6n0Bt3GXwVB1AuAqZosOvHNF3P7wDnh8KLkSqgUh0uh77le7Owgoz+Z9XBw==",
      "requires": {
        "string-width": "^1.0.1",
        "strip-ansi": "^3.0.1"
      }
    },
    "x256": {
      "version": "0.0.2",
      "resolved": "https://registry.npmjs.org/x256/-/x256-0.0.2.tgz",
      "integrity": "sha512-ZsIH+sheoF8YG9YG+QKEEIdtqpHRA9FYuD7MqhfyB1kayXU43RUNBFSxBEnF8ywSUxdg+8no4+bPr5qLbyxKgA=="
    },
    "y18n": {
      "version": "3.2.2",
      "resolved": "https://registry.npmjs.org/y18n/-/y18n-3.2.2.tgz",
      "integrity": "sha512-uGZHXkHnhF0XeeAPgnKfPv1bgKAYyVvmNL1xlKsPYZPaIHxGti2hHqvOCQv71XMsLxu1QjergkqogUnms5D3YQ=="
    },
    "yargs": {
      "version": "3.32.0",
      "resolved": "https://registry.npmjs.org/yargs/-/yargs-3.32.0.tgz",
      "integrity": "sha512-ONJZiimStfZzhKamYvR/xvmgW3uEkAUFSP91y2caTEPhzF6uP2JfPiVZcq66b/YR0C3uitxSV7+T1x8p5bkmMg==",
      "requires": {
        "camelcase": "^2.0.1",
        "cliui": "^3.0.3",
        "decamelize": "^1.1.1",
        "os-locale": "^1.4.0",
        "string-width": "^1.0.1",
        "window-size": "^0.1.4",
        "y18n": "^3.2.0"
      }
    }
  }
}
